
Microsoft Visual Studio Solution File, Format Version 12.00
# Visual Studio Version 17
VisualStudioVersion = 17.14.36121.58 d17.14
MinimumVisualStudioVersion = 10.0.40219.1
Project("{FAE04EC0-301F-11D3-BF4B-00C04F79EFBC}") = "BDtrabalhoFuncionario", "BDtrabalhoFuncionario.csproj", "{F54EBD1F-A957-452B-A237-1E68222F67E8}"
EndProject
Global
	GlobalSection(SolutionConfigurationPlatforms) = preSolution
		Debug|Any CPU = Debug|Any CPU
		Release|Any CPU = Release|Any CPU
	EndGlobalSection
	GlobalSection(ProjectConfigurationPlatforms) = postSolution
		{F54EBD1F-A957-452B-A237-1E68222F67E8}.Debug|Any CPU.ActiveCfg = Debug|Any CPU
		{F54EBD1F-A957-452B-A237-1E68222F67E8}.Debug|Any CPU.Build.0 = Debug|Any CPU
		{F54EBD1F-A957-452B-A237-1E68222F67E8}.Release|Any CPU.ActiveCfg = Release|Any CPU
		{F54EBD1F-A957-452B-A237-1E68222F67E8}.Release|Any CPU.Build.0 = Release|Any CPU
	EndGlobalSection
	GlobalSection(SolutionProperties) = preSolution
		HideSolutionNode = FALSE
	EndGlobalSection
	GlobalSection(ExtensibilityGlobals) = postSolution
		SolutionGuid = {D636A0E1-6722-4109-97BD-B9B8450742AE}
	EndGlobalSection
EndGlobal
